
Microsoft Visual Studio Solution File, Format Version 12.00
# Visual Studio 15
VisualStudioVersion = 15.0.28010.2036
MinimumVisualStudioVersion = 10.0.40219.1
Project("{FAE04EC0-301F-11D3-BF4B-00C04F79EFBC}") = "Data Structures", "Data Structures\Data Structures.csproj", "{F1BF4B64-8635-46E1-9863-A76B906B6E93}"
EndProject
Global
	GlobalSection(SolutionConfigurationPlatforms) = preSolution
		Debug|Any CPU = Debug|Any CPU
		Release|Any CPU = Release|Any CPU
	EndGlobalSection
	GlobalSection(ProjectConfigurationPlatforms) = postSolution
		{F1BF4B64-8635-46E1-9863-A76B906B6E93}.Debug|Any CPU.ActiveCfg = Debug|Any CPU
		{F1BF4B64-8635-46E1-9863-A76B906B6E93}.Debug|Any CPU.Build.0 = Debug|Any CPU
		{F1BF4B64-8635-46E1-9863-A76B906B6E93}.Release|Any CPU.ActiveCfg = Release|Any CPU
		{F1BF4B64-8635-46E1-9863-A76B906B6E93}.Release|Any CPU.Build.0 = Release|Any CPU
	EndGlobalSection
	GlobalSection(SolutionProperties) = preSolution
		HideSolutionNode = FALSE
	EndGlobalSection
	GlobalSection(ExtensibilityGlobals) = postSolution
		SolutionGuid = {CA7A8810-35C3-41B2-A96F-63F6CC9C5834}
	EndGlobalSection
EndGlobal
